// !$*UTF8*$!
{
	archiveVersion = 1;
	classes = {
	};
	objectVersion = 46;
	objects = {

/* Begin PBXBuildFile section */
		2502726B19B6D484009FF980 /* StreamingAppUtil.m in Sources */ = {isa = PBXBuildFile; fileRef = 2502726A19B6D484009FF980 /* StreamingAppUtil.m */; };
		25050E7619B62B9B00CF4C7D /* UIApplication+NetworkIndicator.m in Sources */ = {isa = PBXBuildFile; fileRef = 25050E7519B62B9B00CF4C7D /* UIApplication+NetworkIndicator.m */; };
		25181A2419C17E3C003639E5 /* AVFoundation.framework in Frameworks */ = {isa = PBXBuildFile; fileRef = 25181A2319C17E3C003639E5 /* AVFoundation.framework */; };
		254EC02819B526470026CA47 /* Foundation.framework in Frameworks */ = {isa = PBXBuildFile; fileRef = 254EC02719B526470026CA47 /* Foundation.framework */; };
		254EC02A19B526470026CA47 /* CoreGraphics.framework in Frameworks */ = {isa = PBXBuildFile; fileRef = 254EC02919B526470026CA47 /* CoreGraphics.framework */; };
		254EC02C19B526470026CA47 /* UIKit.framework in Frameworks */ = {isa = PBXBuildFile; fileRef = 254EC02B19B526470026CA47 /* UIKit.framework */; };
		254EC03219B526470026CA47 /* InfoPlist.strings in Resources */ = {isa = PBXBuildFile; fileRef = 254EC03019B526470026CA47 /* InfoPlist.strings */; };
		254EC03419B526470026CA47 /* main.m in Sources */ = {isa = PBXBuildFile; fileRef = 254EC03319B526470026CA47 /* main.m */; };
		254EC03819B526470026CA47 /* AppDelegate.m in Sources */ = {isa = PBXBuildFile; fileRef = 254EC03719B526470026CA47 /* AppDelegate.m */; };
		254EC03B19B526470026CA47 /* Main.storyboard in Resources */ = {isa = PBXBuildFile; fileRef = 254EC03919B526470026CA47 /* Main.storyboard */; };
		254EC04019B526470026CA47 /* Images.xcassets in Resources */ = {isa = PBXBuildFile; fileRef = 254EC03F19B526470026CA47 /* Images.xcassets */; };
		254EC04719B526470026CA47 /* XCTest.framework in Frameworks */ = {isa = PBXBuildFile; fileRef = 254EC04619B526470026CA47 /* XCTest.framework */; };
		254EC04819B526470026CA47 /* Foundation.framework in Frameworks */ = {isa = PBXBuildFile; fileRef = 254EC02719B526470026CA47 /* Foundation.framework */; };
		254EC04919B526470026CA47 /* UIKit.framework in Frameworks */ = {isa = PBXBuildFile; fileRef = 254EC02B19B526470026CA47 /* UIKit.framework */; };
		254EC05119B526470026CA47 /* InfoPlist.strings in Resources */ = {isa = PBXBuildFile; fileRef = 254EC04F19B526470026CA47 /* InfoPlist.strings */; };
		254EC05319B526470026CA47 /* StreamingAppTests.m in Sources */ = {isa = PBXBuildFile; fileRef = 254EC05219B526470026CA47 /* StreamingAppTests.m */; };
		25D506B119B52FED00DDD550 /* NetworkPopulatedTableViewController.m in Sources */ = {isa = PBXBuildFile; fileRef = 25D506B019B52FED00DDD550 /* NetworkPopulatedTableViewController.m */; };
		25D506B519B532BA00DDD550 /* JFUrlUtil.m in Sources */ = {isa = PBXBuildFile; fileRef = 25D506B419B532BA00DDD550 /* JFUrlUtil.m */; };
		25D506B819B53C9C00DDD550 /* ArtistTableViewController.m in Sources */ = {isa = PBXBuildFile; fileRef = 25D506B719B53C9C00DDD550 /* ArtistTableViewController.m */; };
		25D506C119B541C100DDD550 /* AlbumTableViewController.m in Sources */ = {isa = PBXBuildFile; fileRef = 25D506C019B541C100DDD550 /* AlbumTableViewController.m */; };
		25D506C419B544E600DDD550 /* SongTableViewController.m in Sources */ = {isa = PBXBuildFile; fileRef = 25D506C319B544E600DDD550 /* SongTableViewController.m */; };
/* End PBXBuildFile section */

/* Begin PBXContainerItemProxy section */
		254EC04A19B526470026CA47 /* PBXContainerItemProxy */ = {
			isa = PBXContainerItemProxy;
			containerPortal = 254EC01C19B526470026CA47 /* Project object */;
			proxyType = 1;
			remoteGlobalIDString = 254EC02319B526470026CA47;
			remoteInfo = StreamingApp;
		};
/* End PBXContainerItemProxy section */

/* Begin PBXFileReference section */
		2502726919B6D484009FF980 /* StreamingAppUtil.h */ = {isa = PBXFileReference; fileEncoding = 4; lastKnownFileType = sourcecode.c.h; path = StreamingAppUtil.h; sourceTree = "<group>"; };
		2502726A19B6D484009FF980 /* StreamingAppUtil.m */ = {isa = PBXFileReference; fileEncoding = 4; lastKnownFileType = sourcecode.c.objc; path = StreamingAppUtil.m; sourceTree = "<group>"; };
		25050E7419B62B9B00CF4C7D /* UIApplication+NetworkIndicator.h */ = {isa = PBXFileReference; fileEncoding = 4; lastKnownFileType = sourcecode.c.h; path = "UIApplication+NetworkIndicator.h"; sourceTree = "<group>"; };
		25050E7519B62B9B00CF4C7D /* UIApplication+NetworkIndicator.m */ = {isa = PBXFileReference; fileEncoding = 4; lastKnownFileType = sourcecode.c.objc; path = "UIApplication+NetworkIndicator.m"; sourceTree = "<group>"; };
		25181A2319C17E3C003639E5 /* AVFoundation.framework */ = {isa = PBXFileReference; lastKnownFileType = wrapper.framework; name = AVFoundation.framework; path = System/Library/Frameworks/AVFoundation.framework; sourceTree = SDKROOT; };
		254EC02419B526470026CA47 /* StreamingApp.app */ = {isa = PBXFileReference; explicitFileType = wrapper.application; includeInIndex = 0; path = StreamingApp.app; sourceTree = BUILT_PRODUCTS_DIR; };
		254EC02719B526470026CA47 /* Foundation.framework */ = {isa = PBXFileReference; lastKnownFileType = wrapper.framework; name = Foundation.framework; path = System/Library/Frameworks/Foundation.framework; sourceTree = SDKROOT; };
		254EC02919B526470026CA47 /* CoreGraphics.framework */ = {isa = PBXFileReference; lastKnownFileType = wrapper.framework; name = CoreGraphics.framework; path = System/Library/Frameworks/CoreGraphics.framework; sourceTree = SDKROOT; };
		254EC02B19B526470026CA47 /* UIKit.framework */ = {isa = PBXFileReference; lastKnownFileType = wrapper.framework; name = UIKit.framework; path = System/Library/Frameworks/UIKit.framework; sourceTree = SDKROOT; };
		254EC02F19B526470026CA47 /* StreamingApp-Info.plist */ = {isa = PBXFileReference; lastKnownFileType = text.plist.xml; path = "StreamingApp-Info.plist"; sourceTree = "<group>"; };
		254EC03119B526470026CA47 /* en */ = {isa = PBXFileReference; lastKnownFileType = text.plist.strings; name = en; path = en.lproj/InfoPlist.strings; sourceTree = "<group>"; };
		254EC03319B526470026CA47 /* main.m */ = {isa = PBXFileReference; lastKnownFileType = sourcecode.c.objc; path = main.m; sourceTree = "<group>"; };
		254EC03519B526470026CA47 /* StreamingApp-Prefix.pch */ = {isa = PBXFileReference; lastKnownFileType = sourcecode.c.h; path = "StreamingApp-Prefix.pch"; sourceTree = "<group>"; };
		254EC03619B526470026CA47 /* AppDelegate.h */ = {isa = PBXFileReference; lastKnownFileType = sourcecode.c.h; path = AppDelegate.h; sourceTree = "<group>"; };
		254EC03719B526470026CA47 /* AppDelegate.m */ = {isa = PBXFileReference; lastKnownFileType = sourcecode.c.objc; path = AppDelegate.m; sourceTree = "<group>"; };
		254EC03A19B526470026CA47 /* Base */ = {isa = PBXFileReference; lastKnownFileType = file.storyboard; name = Base; path = Base.lproj/Main.storyboard; sourceTree = "<group>"; };
		254EC03F19B526470026CA47 /* Images.xcassets */ = {isa = PBXFileReference; lastKnownFileType = folder.assetcatalog; path = Images.xcassets; sourceTree = "<group>"; };
		254EC04519B526470026CA47 /* StreamingAppTests.xctest */ = {isa = PBXFileReference; explicitFileType = wrapper.cfbundle; includeInIndex = 0; path = StreamingAppTests.xctest; sourceTree = BUILT_PRODUCTS_DIR; };
		254EC04619B526470026CA47 /* XCTest.framework */ = {isa = PBXFileReference; lastKnownFileType = wrapper.framework; name = XCTest.framework; path = Library/Frameworks/XCTest.framework; sourceTree = DEVELOPER_DIR; };
		254EC04E19B526470026CA47 /* StreamingAppTests-Info.plist */ = {isa = PBXFileReference; lastKnownFileType = text.plist.xml; path = "StreamingAppTests-Info.plist"; sourceTree = "<group>"; };
		254EC05019B526470026CA47 /* en */ = {isa = PBXFileReference; lastKnownFileType = text.plist.strings; name = en; path = en.lproj/InfoPlist.strings; sourceTree = "<group>"; };
		254EC05219B526470026CA47 /* StreamingAppTests.m */ = {isa = PBXFileReference; lastKnownFileType = sourcecode.c.objc; path = StreamingAppTests.m; sourceTree = "<group>"; };
		25D506AF19B52FED00DDD550 /* NetworkPopulatedTableViewController.h */ = {isa = PBXFileReference; fileEncoding = 4; lastKnownFileType = sourcecode.c.h; path = NetworkPopulatedTableViewController.h; sourceTree = "<group>"; };
		25D506B019B52FED00DDD550 /* NetworkPopulatedTableViewController.m */ = {isa = PBXFileReference; fileEncoding = 4; lastKnownFileType = sourcecode.c.objc; path = NetworkPopulatedTableViewController.m; sourceTree = "<group>"; };
		25D506B319B532BA00DDD550 /* JFUrlUtil.h */ = {isa = PBXFileReference; fileEncoding = 4; lastKnownFileType = sourcecode.c.h; path = JFUrlUtil.h; sourceTree = "<group>"; };
		25D506B419B532BA00DDD550 /* JFUrlUtil.m */ = {isa = PBXFileReference; fileEncoding = 4; lastKnownFileType = sourcecode.c.objc; path = JFUrlUtil.m; sourceTree = "<group>"; };
		25D506B619B53C9C00DDD550 /* ArtistTableViewController.h */ = {isa = PBXFileReference; fileEncoding = 4; lastKnownFileType = sourcecode.c.h; path = ArtistTableViewController.h; sourceTree = "<group>"; };
		25D506B719B53C9C00DDD550 /* ArtistTableViewController.m */ = {isa = PBXFileReference; fileEncoding = 4; lastKnownFileType = sourcecode.c.objc; path = ArtistTableViewController.m; sourceTree = "<group>"; };
		25D506BF19B541C100DDD550 /* AlbumTableViewController.h */ = {isa = PBXFileReference; fileEncoding = 4; lastKnownFileType = sourcecode.c.h; path = AlbumTableViewController.h; sourceTree = "<group>"; };
		25D506C019B541C100DDD550 /* AlbumTableViewController.m */ = {isa = PBXFileReference; fileEncoding = 4; lastKnownFileType = sourcecode.c.objc; path = AlbumTableViewController.m; sourceTree = "<group>"; };
		25D506C219B544E600DDD550 /* SongTableViewController.h */ = {isa = PBXFileReference; fileEncoding = 4; lastKnownFileType = sourcecode.c.h; path = SongTableViewController.h; sourceTree = "<group>"; };
		25D506C319B544E600DDD550 /* SongTableViewController.m */ = {isa = PBXFileReference; fileEncoding = 4; lastKnownFileType = sourcecode.c.objc; path = SongTableViewController.m; sourceTree = "<group>"; };
/* End PBXFileReference section */

/* Begin PBXFrameworksBuildPhase section */
		254EC02119B526470026CA47 /* Frameworks */ = {
			isa = PBXFrameworksBuildPhase;
			buildActionMask = 2147483647;
			files = (
				25181A2419C17E3C003639E5 /* AVFoundation.framework in Frameworks */,
				254EC02A19B526470026CA47 /* CoreGraphics.framework in Frameworks */,
				254EC02C19B526470026CA47 /* UIKit.framework in Frameworks */,
				254EC02819B526470026CA47 /* Foundation.framework in Frameworks */,
			);
			runOnlyForDeploymentPostprocessing = 0;
		};
		254EC04219B526470026CA47 /* Frameworks */ = {
			isa = PBXFrameworksBuildPhase;
			buildActionMask = 2147483647;
			files = (
				254EC04719B526470026CA47 /* XCTest.framework in Frameworks */,
				254EC04919B526470026CA47 /* UIKit.framework in Frameworks */,
				254EC04819B526470026CA47 /* Foundation.framework in Frameworks */,
			);
			runOnlyForDeploymentPostprocessing = 0;
		};
/* End PBXFrameworksBuildPhase section */

/* Begin PBXGroup section */
		254EC01B19B526470026CA47 = {
			isa = PBXGroup;
			children = (
				25050E7419B62B9B00CF4C7D /* UIApplication+NetworkIndicator.h */,
				25050E7519B62B9B00CF4C7D /* UIApplication+NetworkIndicator.m */,
				25D506B219B52FF600DDD550 /* ViewControllers */,
				254EC02D19B526470026CA47 /* StreamingApp */,
				254EC04C19B526470026CA47 /* StreamingAppTests */,
				254EC02619B526470026CA47 /* Frameworks */,
				254EC02519B526470026CA47 /* Products */,
			);
			sourceTree = "<group>";
		};
		254EC02519B526470026CA47 /* Products */ = {
			isa = PBXGroup;
			children = (
				254EC02419B526470026CA47 /* StreamingApp.app */,
				254EC04519B526470026CA47 /* StreamingAppTests.xctest */,
			);
			name = Products;
			sourceTree = "<group>";
		};
		254EC02619B526470026CA47 /* Frameworks */ = {
			isa = PBXGroup;
			children = (
				25181A2319C17E3C003639E5 /* AVFoundation.framework */,
				254EC02719B526470026CA47 /* Foundation.framework */,
				254EC02919B526470026CA47 /* CoreGraphics.framework */,
				254EC02B19B526470026CA47 /* UIKit.framework */,
				254EC04619B526470026CA47 /* XCTest.framework */,
			);
			name = Frameworks;
			sourceTree = "<group>";
		};
		254EC02D19B526470026CA47 /* StreamingApp */ = {
			isa = PBXGroup;
			children = (
				254EC03619B526470026CA47 /* AppDelegate.h */,
				254EC03719B526470026CA47 /* AppDelegate.m */,
				254EC03919B526470026CA47 /* Main.storyboard */,
				254EC03F19B526470026CA47 /* Images.xcassets */,
				254EC02E19B526470026CA47 /* Supporting Files */,
			);
			path = StreamingApp;
			sourceTree = "<group>";
		};
		254EC02E19B526470026CA47 /* Supporting Files */ = {
			isa = PBXGroup;
			children = (
				2502726919B6D484009FF980 /* StreamingAppUtil.h */,
				2502726A19B6D484009FF980 /* StreamingAppUtil.m */,
				25D506B319B532BA00DDD550 /* JFUrlUtil.h */,
				25D506B419B532BA00DDD550 /* JFUrlUtil.m */,
				254EC02F19B526470026CA47 /* StreamingApp-Info.plist */,
				254EC03019B526470026CA47 /* InfoPlist.strings */,
				254EC03319B526470026CA47 /* main.m */,
				254EC03519B526470026CA47 /* StreamingApp-Prefix.pch */,
			);
			name = "Supporting Files";
			sourceTree = "<group>";
		};
		254EC04C19B526470026CA47 /* StreamingAppTests */ = {
			isa = PBXGroup;
			children = (
				254EC05219B526470026CA47 /* StreamingAppTests.m */,
				254EC04D19B526470026CA47 /* Supporting Files */,
			);
			path = StreamingAppTests;
			sourceTree = "<group>";
		};
		254EC04D19B526470026CA47 /* Supporting Files */ = {
			isa = PBXGroup;
			children = (
				254EC04E19B526470026CA47 /* StreamingAppTests-Info.plist */,
				254EC04F19B526470026CA47 /* InfoPlist.strings */,
			);
			name = "Supporting Files";
			sourceTree = "<group>";
		};
		25D506B219B52FF600DDD550 /* ViewControllers */ = {
			isa = PBXGroup;
			children = (
				25D506AF19B52FED00DDD550 /* NetworkPopulatedTableViewController.h */,
				25D506B019B52FED00DDD550 /* NetworkPopulatedTableViewController.m */,
				25D506B619B53C9C00DDD550 /* ArtistTableViewController.h */,
				25D506B719B53C9C00DDD550 /* ArtistTableViewController.m */,
				25D506BF19B541C100DDD550 /* AlbumTableViewController.h */,
				25D506C019B541C100DDD550 /* AlbumTableViewController.m */,
				25D506C219B544E600DDD550 /* SongTableViewController.h */,
				25D506C319B544E600DDD550 /* SongTableViewController.m */,
			);
			name = ViewControllers;
			sourceTree = "<group>";
		};
/* End PBXGroup section */

/* Begin PBXNativeTarget section */
		254EC02319B526470026CA47 /* StreamingApp */ = {
			isa = PBXNativeTarget;
			buildConfigurationList = 254EC05619B526470026CA47 /* Build configuration list for PBXNativeTarget "StreamingApp" */;
			buildPhases = (
				254EC02019B526470026CA47 /* Sources */,
				254EC02119B526470026CA47 /* Frameworks */,
				254EC02219B526470026CA47 /* Resources */,
			);
			buildRules = (
			);
			dependencies = (
			);
			name = StreamingApp;
			productName = StreamingApp;
			productReference = 254EC02419B526470026CA47 /* StreamingApp.app */;
			productType = "com.apple.product-type.application";
		};
		254EC04419B526470026CA47 /* StreamingAppTests */ = {
			isa = PBXNativeTarget;
			buildConfigurationList = 254EC05919B526470026CA47 /* Build configuration list for PBXNativeTarget "StreamingAppTests" */;
			buildPhases = (
				254EC04119B526470026CA47 /* Sources */,
				254EC04219B526470026CA47 /* Frameworks */,
				254EC04319B526470026CA47 /* Resources */,
			);
			buildRules = (
			);
			dependencies = (
				254EC04B19B526470026CA47 /* PBXTargetDependency */,
			);
			name = StreamingAppTests;
			productName = StreamingAppTests;
			productReference = 254EC04519B526470026CA47 /* StreamingAppTests.xctest */;
			productType = "com.apple.product-type.bundle.unit-test";
		};
/* End PBXNativeTarget section */

/* Begin PBXProject section */
		254EC01C19B526470026CA47 /* Project object */ = {
			isa = PBXProject;
			attributes = {
				LastUpgradeCheck = 0510;
				ORGANIZATIONNAME = "Tyler Much";
				TargetAttributes = {
					254EC02319B526470026CA47 = {
						SystemCapabilities = {
							com.apple.BackgroundModes = {
								enabled = 1;
							};
						};
					};
					254EC04419B526470026CA47 = {
						TestTargetID = 254EC02319B526470026CA47;
					};
				};
			};
			buildConfigurationList = 254EC01F19B526470026CA47 /* Build configuration list for PBXProject "StreamingApp" */;
			compatibilityVersion = "Xcode 3.2";
			developmentRegion = English;
			hasScannedForEncodings = 0;
			knownRegions = (
				en,
				Base,
			);
			mainGroup = 254EC01B19B526470026CA47;
			productRefGroup = 254EC02519B526470026CA47 /* Products */;
			projectDirPath = "";
			projectRoot = "";
			targets = (
				254EC02319B526470026CA47 /* StreamingApp */,
				254EC04419B526470026CA47 /* StreamingAppTests */,
			);
		};
/* End PBXProject section */

/* Begin PBXResourcesBuildPhase section */
		254EC02219B526470026CA47 /* Resources */ = {
			isa = PBXResourcesBuildPhase;
			buildActionMask = 2147483647;
			files = (
				254EC04019B526470026CA47 /* Images.xcassets in Resources */,
				254EC03219B526470026CA47 /* InfoPlist.strings in Resources */,
				254EC03B19B526470026CA47 /* Main.storyboard in Resources */,
			);
			runOnlyForDeploymentPostprocessing = 0;
		};
		254EC04319B526470026CA47 /* Resources */ = {
			isa = PBXResourcesBuildPhase;
			buildActionMask = 2147483647;
			files = (
				254EC05119B526470026CA47 /* InfoPlist.strings in Resources */,
			);
			runOnlyForDeploymentPostprocessing = 0;
		};
/* End PBXResourcesBuildPhase section */

/* Begin PBXSourcesBuildPhase section */
		254EC02019B526470026CA47 /* Sources */ = {
			isa = PBXSourcesBuildPhase;
			buildActionMask = 2147483647;
			files = (
				25D506C419B544E600DDD550 /* SongTableViewController.m in Sources */,
				2502726B19B6D484009FF980 /* StreamingAppUtil.m in Sources */,
				25D506B119B52FED00DDD550 /* NetworkPopulatedTableViewController.m in Sources */,
				254EC03819B526470026CA47 /* AppDelegate.m in Sources */,
				254EC03419B526470026CA47 /* main.m in Sources */,
				25D506B519B532BA00DDD550 /* JFUrlUtil.m in Sources */,
				25D506B819B53C9C00DDD550 /* ArtistTableViewController.m in Sources */,
				25D506C119B541C100DDD550 /* AlbumTableViewController.m in Sources */,
				25050E7619B62B9B00CF4C7D /* UIApplication+NetworkIndicator.m in Sources */,
			);
			runOnlyForDeploymentPostprocessing = 0;
		};
		254EC04119B526470026CA47 /* Sources */ = {
			isa = PBXSourcesBuildPhase;
			buildActionMask = 2147483647;
			files = (
				254EC05319B526470026CA47 /* StreamingAppTests.m in Sources */,
			);
			runOnlyForDeploymentPostprocessing = 0;
		};
/* End PBXSourcesBuildPhase section */

/* Begin PBXTargetDependency section */
		254EC04B19B526470026CA47 /* PBXTargetDependency */ = {
			isa = PBXTargetDependency;
			target = 254EC02319B526470026CA47 /* StreamingApp */;
			targetProxy = 254EC04A19B526470026CA47 /* PBXContainerItemProxy */;
		};
/* End PBXTargetDependency section */

/* Begin PBXVariantGroup section */
		254EC03019B526470026CA47 /* InfoPlist.strings */ = {
			isa = PBXVariantGroup;
			children = (
				254EC03119B526470026CA47 /* en */,
			);
			name = InfoPlist.strings;
			sourceTree = "<group>";
		};
		254EC03919B526470026CA47 /* Main.storyboard */ = {
			isa = PBXVariantGroup;
			children = (
				254EC03A19B526470026CA47 /* Base */,
			);
			name = Main.storyboard;
			sourceTree = "<group>";
		};
		254EC04F19B526470026CA47 /* InfoPlist.strings */ = {
			isa = PBXVariantGroup;
			children = (
				254EC05019B526470026CA47 /* en */,
			);
			name = InfoPlist.strings;
			sourceTree = "<group>";
		};
/* End PBXVariantGroup section */

/* Begin XCBuildConfiguration section */
		254EC05419B526470026CA47 /* Debug */ = {
			isa = XCBuildConfiguration;
			buildSettings = {
				ALWAYS_SEARCH_USER_PATHS = NO;
				CLANG_CXX_LANGUAGE_STANDARD = "gnu++0x";
				CLANG_CXX_LIBRARY = "libc++";
				CLANG_ENABLE_MODULES = YES;
				CLANG_ENABLE_OBJC_ARC = YES;
				CLANG_WARN_BOOL_CONVERSION = YES;
				CLANG_WARN_CONSTANT_CONVERSION = YES;
				CLANG_WARN_DIRECT_OBJC_ISA_USAGE = YES_ERROR;
				CLANG_WARN_EMPTY_BODY = YES;
				CLANG_WARN_ENUM_CONVERSION = YES;
				CLANG_WARN_INT_CONVERSION = YES;
				CLANG_WARN_OBJC_ROOT_CLASS = YES_ERROR;
				CLANG_WARN__DUPLICATE_METHOD_MATCH = YES;
				"CODE_SIGN_IDENTITY[sdk=iphoneos*]" = "iPhone Developer";
				COPY_PHASE_STRIP = NO;
				GCC_C_LANGUAGE_STANDARD = gnu99;
				GCC_DYNAMIC_NO_PIC = NO;
				GCC_OPTIMIZATION_LEVEL = 0;
				GCC_PREPROCESSOR_DEFINITIONS = (
					"DEBUG=1",
					"$(inherited)",
				);
				GCC_SYMBOLS_PRIVATE_EXTERN = NO;
				GCC_WARN_64_TO_32_BIT_CONVERSION = YES;
				GCC_WARN_ABOUT_RETURN_TYPE = YES_ERROR;
				GCC_WARN_UNDECLARED_SELECTOR = YES;
				GCC_WARN_UNINITIALIZED_AUTOS = YES_AGGRESSIVE;
				GCC_WARN_UNUSED_FUNCTION = YES;
				GCC_WARN_UNUSED_VARIABLE = YES;
				IPHONEOS_DEPLOYMENT_TARGET = 7.1;
				ONLY_ACTIVE_ARCH = YES;
				SDKROOT = iphoneos;
			};
			name = Debug;
		};
		254EC05519B526470026CA47 /* Release */ = {
			isa = XCBuildConfiguration;
			buildSettings = {
				ALWAYS_SEARCH_USER_PATHS = NO;
				CLANG_CXX_LANGUAGE_STANDARD = "gnu++0x";
				CLANG_CXX_LIBRARY = "libc++";
				CLANG_ENABLE_MODULES = YES;
				CLANG_ENABLE_OBJC_ARC = YES;
				CLANG_WARN_BOOL_CONVERSION = YES;
				CLANG_WARN_CONSTANT_CONVERSION = YES;
				CLANG_WARN_DIRECT_OBJC_ISA_USAGE = YES_ERROR;
				CLANG_WARN_EMPTY_BODY = YES;
				CLANG_WARN_ENUM_CONVERSION = YES;
				CLANG_WARN_INT_CONVERSION = YES;
				CLANG_WARN_OBJC_ROOT_CLASS = YES_ERROR;
				CLANG_WARN__DUPLICATE_METHOD_MATCH = YES;
				"CODE_SIGN_IDENTITY[sdk=iphoneos*]" = "iPhone Developer";
				COPY_PHASE_STRIP = YES;
				ENABLE_NS_ASSERTIONS = NO;
				GCC_C_LANGUAGE_STANDARD = gnu99;
				GCC_WARN_64_TO_32_BIT_CONVERSION = YES;
				GCC_WARN_ABOUT_RETURN_TYPE = YES_ERROR;
				GCC_WARN_UNDECLARED_SELECTOR = YES;
				GCC_WARN_UNINITIALIZED_AUTOS = YES_AGGRESSIVE;
				GCC_WARN_UNUSED_FUNCTION = YES;
				GCC_WARN_UNUSED_VARIABLE = YES;
				IPHONEOS_DEPLOYMENT_TARGET = 7.1;
				SDKROOT = iphoneos;
				VALIDATE_PRODUCT = YES;
			};
			name = Release;
		};
		254EC05719B526470026CA47 /* Debug */ = {
			isa = XCBuildConfiguration;
			buildSettings = {
				ASSETCATALOG_COMPILER_APPICON_NAME = AppIcon;
				ASSETCATALOG_COMPILER_LAUNCHIMAGE_NAME = LaunchImage;
				GCC_PRECOMPILE_PREFIX_HEADER = YES;
				GCC_PREFIX_HEADER = "StreamingApp/StreamingApp-Prefix.pch";
				INFOPLIST_FILE = "StreamingApp/StreamingApp-Info.plist";
				IPHONEOS_DEPLOYMENT_TARGET = 8.0;
				PRODUCT_NAME = "$(TARGET_NAME)";
				WRAPPER_EXTENSION = app;
			};
			name = Debug;
		};
		254EC05819B526470026CA47 /* Release */ = {
			isa = XCBuildConfiguration;
			buildSettings = {
				ASSETCATALOG_COMPILER_APPICON_NAME = AppIcon;
				ASSETCATALOG_COMPILER_LAUNCHIMAGE_NAME = LaunchImage;
				GCC_PRECOMPILE_PREFIX_HEADER = YES;
				GCC_PREFIX_HEADER = "StreamingApp/StreamingApp-Prefix.pch";
				INFOPLIST_FILE = "StreamingApp/StreamingApp-Info.plist";
				IPHONEOS_DEPLOYMENT_TARGET = 8.0;
				PRODUCT_NAME = "$(TARGET_NAME)";
				WRAPPER_EXTENSION = app;
			};
			name = Release;
		};
		254EC05A19B526470026CA47 /* Debug */ = {
			isa = XCBuildConfiguration;
			buildSettings = {
				BUNDLE_LOADER = "$(BUILT_PRODUCTS_DIR)/StreamingApp.app/StreamingApp";
				FRAMEWORK_SEARCH_PATHS = (
					"$(SDKROOT)/Developer/Library/Frameworks",
					"$(inherited)",
					"$(DEVELOPER_FRAMEWORKS_DIR)",
				);
				GCC_PRECOMPILE_PREFIX_HEADER = YES;
				GCC_PREFIX_HEADER = "StreamingApp/StreamingApp-Prefix.pch";
				GCC_PREPROCESSOR_DEFINITIONS = (
					"DEBUG=1",
					"$(inherited)",
				);
				INFOPLIST_FILE = "StreamingAppTests/StreamingAppTests-Info.plist";
				PRODUCT_NAME = "$(TARGET_NAME)";
				TEST_HOST = "$(BUNDLE_LOADER)";
				WRAPPER_EXTENSION = xctest;
			};
			name = Debug;
		};
		254EC05B19B526470026CA47 /* Release */ = {
			isa = XCBuildConfiguration;
			buildSettings = {
				BUNDLE_LOADER = "$(BUILT_PRODUCTS_DIR)/StreamingApp.app/StreamingApp";
				FRAMEWORK_SEARCH_PATHS = (
					"$(SDKROOT)/Developer/Library/Frameworks",
					"$(inherited)",
					"$(DEVELOPER_FRAMEWORKS_DIR)",
				);
				GCC_PRECOMPILE_PREFIX_HEADER = YES;
				GCC_PREFIX_HEADER = "StreamingApp/StreamingApp-Prefix.pch";
				INFOPLIST_FILE = "StreamingAppTests/StreamingAppTests-Info.plist";
				PRODUCT_NAME = "$(TARGET_NAME)";
				TEST_HOST = "$(BUNDLE_LOADER)";
				WRAPPER_EXTENSION = xctest;
			};
			name = Release;
		};
/* End XCBuildConfiguration section */

/* Begin XCConfigurationList section */
		254EC01F19B526470026CA47 /* Build configuration list for PBXProject "StreamingApp" */ = {
			isa = XCConfigurationList;
			buildConfigurations = (
				254EC05419B526470026CA47 /* Debug */,
				254EC05519B526470026CA47 /* Release */,
			);
			defaultConfigurationIsVisible = 0;
			defaultConfigurationName = Release;
		};
		254EC05619B526470026CA47 /* Build configuration list for PBXNativeTarget "StreamingApp" */ = {
			isa = XCConfigurationList;
			buildConfigurations = (
				254EC05719B526470026CA47 /* Debug */,
				254EC05819B526470026CA47 /* Release */,
			);
			defaultConfigurationIsVisible = 0;
			defaultConfigurationName = Release;
		};
		254EC05919B526470026CA47 /* Build configuration list for PBXNativeTarget "StreamingAppTests" */ = {
			isa = XCConfigurationList;
			buildConfigurations = (
				254EC05A19B526470026CA47 /* Debug */,
				254EC05B19B526470026CA47 /* Release */,
			);
			defaultConfigurationIsVisible = 0;
			defaultConfigurationName = Release;
		};
/* End XCConfigurationList section */
	};
	rootObject = 254EC01C19B526470026CA47 /* Project object */;
}
